
Microsoft Visual Studio Solution File, Format Version 12.00
# Visual Studio Version 16
VisualStudioVersion = 16.0.31025.194
MinimumVisualStudioVersion = 10.0.40219.1
Project("{9A19103F-16F7-4668-BE54-9A1E7A4F7556}") = "LiveMedy", "LiveMedy.csproj", "{C38BC00F-266E-44A3-8214-97CFBEAF0A67}"
EndProject
Project("{2150E333-8FDC-42A3-9474-1A3956D46DE8}") = "Solution Items", "Solution Items", "{FE9EFD2D-5B2A-4663-932E-0AECEC822DD2}"
	ProjectSection(SolutionItems) = preProject
		.filenesting.json = .filenesting.json
	EndProjectSection
EndProject
Global
	GlobalSection(SolutionConfigurationPlatforms) = preSolution
		Debug|Any CPU = Debug|Any CPU
		Release|Any CPU = Release|Any CPU
	EndGlobalSection
	GlobalSection(ProjectConfigurationPlatforms) = postSolution
		{C38BC00F-266E-44A3-8214-97CFBEAF0A67}.Debug|Any CPU.ActiveCfg = Debug|Any CPU
		{C38BC00F-266E-44A3-8214-97CFBEAF0A67}.Debug|Any CPU.Build.0 = Debug|Any CPU
		{C38BC00F-266E-44A3-8214-97CFBEAF0A67}.Release|Any CPU.ActiveCfg = Release|Any CPU
		{C38BC00F-266E-44A3-8214-97CFBEAF0A67}.Release|Any CPU.Build.0 = Release|Any CPU
	EndGlobalSection
	GlobalSection(SolutionProperties) = preSolution
		HideSolutionNode = FALSE
	EndGlobalSection
	GlobalSection(ExtensibilityGlobals) = postSolution
		SolutionGuid = {893BC7AE-68A3-41BE-B446-0EA07B02D246}
	EndGlobalSection
EndGlobal
